
Microsoft Visual Studio Solution File, Format Version 12.00
# Visual Studio Version 16
VisualStudioVersion = 16.0.30011.22
MinimumVisualStudioVersion = 10.0.40219.1
Project("{FAE04EC0-301F-11D3-BF4B-00C04F79EFBC}") = "SinemaProje", "SinemaProje\SinemaProje.csproj", "{BFA509F4-F1C4-4DFF-A1DF-2CFD0BFC1038}"
EndProject
Global
	GlobalSection(SolutionConfigurationPlatforms) = preSolution
		Debug|Any CPU = Debug|Any CPU
		Release|Any CPU = Release|Any CPU
	EndGlobalSection
	GlobalSection(ProjectConfigurationPlatforms) = postSolution
		{BFA509F4-F1C4-4DFF-A1DF-2CFD0BFC1038}.Debug|Any CPU.ActiveCfg = Debug|Any CPU
		{BFA509F4-F1C4-4DFF-A1DF-2CFD0BFC1038}.Debug|Any CPU.Build.0 = Debug|Any CPU
		{BFA509F4-F1C4-4DFF-A1DF-2CFD0BFC1038}.Release|Any CPU.ActiveCfg = Release|Any CPU
		{BFA509F4-F1C4-4DFF-A1DF-2CFD0BFC1038}.Release|Any CPU.Build.0 = Release|Any CPU
	EndGlobalSection
	GlobalSection(SolutionProperties) = preSolution
		HideSolutionNode = FALSE
	EndGlobalSection
	GlobalSection(ExtensibilityGlobals) = postSolution
		SolutionGuid = {1DDF3E3A-4984-428A-864D-A612FCB455BC}
	EndGlobalSection
EndGlobal
